
Microsoft Visual Studio Solution File, Format Version 12.00
# Visual Studio 15
VisualStudioVersion = 15.0.26124.0
MinimumVisualStudioVersion = 15.0.26124.0
Project("{FAE04EC0-301F-11D3-BF4B-00C04F79EFBC}") = "CosmosMutex", "CosmosMutex\CosmosMutex.csproj", "{240CC073-3791-43F4-9F61-A39F42174B07}"
EndProject
Project("{FAE04EC0-301F-11D3-BF4B-00C04F79EFBC}") = "Interfaces", "Interfaces\Interfaces.csproj", "{0345E2C5-EAF4-49AB-8DDE-0CEF13B79A41}"
EndProject
Global
	GlobalSection(SolutionConfigurationPlatforms) = preSolution
		Debug|Any CPU = Debug|Any CPU
		Debug|x64 = Debug|x64
		Debug|x86 = Debug|x86
		Release|Any CPU = Release|Any CPU
		Release|x64 = Release|x64
		Release|x86 = Release|x86
	EndGlobalSection
	GlobalSection(ProjectConfigurationPlatforms) = postSolution
		{240CC073-3791-43F4-9F61-A39F42174B07}.Debug|Any CPU.ActiveCfg = Debug|Any CPU
		{240CC073-3791-43F4-9F61-A39F42174B07}.Debug|Any CPU.Build.0 = Debug|Any CPU
		{240CC073-3791-43F4-9F61-A39F42174B07}.Debug|x64.ActiveCfg = Debug|Any CPU
		{240CC073-3791-43F4-9F61-A39F42174B07}.Debug|x64.Build.0 = Debug|Any CPU
		{240CC073-3791-43F4-9F61-A39F42174B07}.Debug|x86.ActiveCfg = Debug|Any CPU
		{240CC073-3791-43F4-9F61-A39F42174B07}.Debug|x86.Build.0 = Debug|Any CPU
		{240CC073-3791-43F4-9F61-A39F42174B07}.Release|Any CPU.ActiveCfg = Release|Any CPU
		{240CC073-3791-43F4-9F61-A39F42174B07}.Release|Any CPU.Build.0 = Release|Any CPU
		{240CC073-3791-43F4-9F61-A39F42174B07}.Release|x64.ActiveCfg = Release|Any CPU
		{240CC073-3791-43F4-9F61-A39F42174B07}.Release|x64.Build.0 = Release|Any CPU
		{240CC073-3791-43F4-9F61-A39F42174B07}.Release|x86.ActiveCfg = Release|Any CPU
		{240CC073-3791-43F4-9F61-A39F42174B07}.Release|x86.Build.0 = Release|Any CPU
		{0345E2C5-EAF4-49AB-8DDE-0CEF13B79A41}.Debug|Any CPU.ActiveCfg = Debug|Any CPU
		{0345E2C5-EAF4-49AB-8DDE-0CEF13B79A41}.Debug|Any CPU.Build.0 = Debug|Any CPU
		{0345E2C5-EAF4-49AB-8DDE-0CEF13B79A41}.Debug|x64.ActiveCfg = Debug|Any CPU
		{0345E2C5-EAF4-49AB-8DDE-0CEF13B79A41}.Debug|x64.Build.0 = Debug|Any CPU
		{0345E2C5-EAF4-49AB-8DDE-0CEF13B79A41}.Debug|x86.ActiveCfg = Debug|Any CPU
		{0345E2C5-EAF4-49AB-8DDE-0CEF13B79A41}.Debug|x86.Build.0 = Debug|Any CPU
		{0345E2C5-EAF4-49AB-8DDE-0CEF13B79A41}.Release|Any CPU.ActiveCfg = Release|Any CPU
		{0345E2C5-EAF4-49AB-8DDE-0CEF13B79A41}.Release|Any CPU.Build.0 = Release|Any CPU
		{0345E2C5-EAF4-49AB-8DDE-0CEF13B79A41}.Release|x64.ActiveCfg = Release|Any CPU
		{0345E2C5-EAF4-49AB-8DDE-0CEF13B79A41}.Release|x64.Build.0 = Release|Any CPU
		{0345E2C5-EAF4-49AB-8DDE-0CEF13B79A41}.Release|x86.ActiveCfg = Release|Any CPU
		{0345E2C5-EAF4-49AB-8DDE-0CEF13B79A41}.Release|x86.Build.0 = Release|Any CPU
	EndGlobalSection
EndGlobal
